
Microsoft Visual Studio Solution File, Format Version 12.00
# Visual Studio Version 17
VisualStudioVersion = 17.3.32929.385
MinimumVisualStudioVersion = 10.0.40219.1
Project("{FAE04EC0-301F-11D3-BF4B-00C04F79EFBC}") = "WebApplication2", "WebApplication2.csproj", "{16F281EE-1765-4807-B50B-FF409E0A360B}"
EndProject
Global
	GlobalSection(SolutionConfigurationPlatforms) = preSolution
		Debug|Any CPU = Debug|Any CPU
		Release|Any CPU = Release|Any CPU
	EndGlobalSection
	GlobalSection(ProjectConfigurationPlatforms) = postSolution
		{16F281EE-1765-4807-B50B-FF409E0A360B}.Debug|Any CPU.ActiveCfg = Debug|Any CPU
		{16F281EE-1765-4807-B50B-FF409E0A360B}.Debug|Any CPU.Build.0 = Debug|Any CPU
		{16F281EE-1765-4807-B50B-FF409E0A360B}.Release|Any CPU.ActiveCfg = Release|Any CPU
		{16F281EE-1765-4807-B50B-FF409E0A360B}.Release|Any CPU.Build.0 = Release|Any CPU
	EndGlobalSection
	GlobalSection(SolutionProperties) = preSolution
		HideSolutionNode = FALSE
	EndGlobalSection
	GlobalSection(ExtensibilityGlobals) = postSolution
		SolutionGuid = {3A495438-C051-4E4E-96C2-9264B22229AB}
	EndGlobalSection
EndGlobal
